
Microsoft Visual Studio Solution File, Format Version 12.00
# Visual Studio Version 17
VisualStudioVersion = 17.13.35931.197
MinimumVisualStudioVersion = 10.0.40219.1
Project("{FAE04EC0-301F-11D3-BF4B-00C04F79EFBC}") = "DotNetEntranceExam", "DotNetEntranceExam\DotNetEntranceExam.csproj", "{C04C33B3-4DA5-4ECC-9726-D43CDCB5E653}"
EndProject
Project("{FAE04EC0-301F-11D3-BF4B-00C04F79EFBC}") = "DotNetEntranceExamTest", "DotNetEntranceExamTest\DotNetEntranceExamTest.csproj", "{3555C3BA-1AD3-484D-A0E7-70C043935889}"
EndProject
Global
	GlobalSection(SolutionConfigurationPlatforms) = preSolution
		Debug|Any CPU = Debug|Any CPU
		Release|Any CPU = Release|Any CPU
	EndGlobalSection
	GlobalSection(ProjectConfigurationPlatforms) = postSolution
		{C04C33B3-4DA5-4ECC-9726-D43CDCB5E653}.Debug|Any CPU.ActiveCfg = Debug|Any CPU
		{C04C33B3-4DA5-4ECC-9726-D43CDCB5E653}.Debug|Any CPU.Build.0 = Debug|Any CPU
		{C04C33B3-4DA5-4ECC-9726-D43CDCB5E653}.Release|Any CPU.ActiveCfg = Release|Any CPU
		{C04C33B3-4DA5-4ECC-9726-D43CDCB5E653}.Release|Any CPU.Build.0 = Release|Any CPU
		{3555C3BA-1AD3-484D-A0E7-70C043935889}.Debug|Any CPU.ActiveCfg = Debug|Any CPU
		{3555C3BA-1AD3-484D-A0E7-70C043935889}.Debug|Any CPU.Build.0 = Debug|Any CPU
		{3555C3BA-1AD3-484D-A0E7-70C043935889}.Release|Any CPU.ActiveCfg = Release|Any CPU
		{3555C3BA-1AD3-484D-A0E7-70C043935889}.Release|Any CPU.Build.0 = Release|Any CPU
	EndGlobalSection
	GlobalSection(SolutionProperties) = preSolution
		HideSolutionNode = FALSE
	EndGlobalSection
	GlobalSection(ExtensibilityGlobals) = postSolution
		SolutionGuid = {A60EE34E-1DBD-41DC-8BFA-A72B320BC101}
	EndGlobalSection
EndGlobal
